
Microsoft Visual Studio Solution File, Format Version 12.00
# Visual Studio Version 16
VisualStudioVersion = 16.0.31019.35
MinimumVisualStudioVersion = 10.0.40219.1
Project("{E24C65DC-7377-472B-9ABA-BC803B73C61A}") = "ICA0EzekielE", ".", "{A13259F3-9CA5-4407-AAD4-BA11E4AB9A5B}"
	ProjectSection(WebsiteProperties) = preProject
		SccProjectName = "Svn"
		SccAuxPath = "Svn"
		SccLocalPath = "Svn"
		SccProvider = "SubversionScc"
		TargetFrameworkMoniker = ".NETFramework,Version%3Dv4.7.2"
		Debug.AspNetCompiler.VirtualPath = "/localhost_50375"
		Debug.AspNetCompiler.PhysicalPath = "..\ICA0EzekielE\"
		Debug.AspNetCompiler.TargetPath = "PrecompiledWeb\localhost_50375\"
		Debug.AspNetCompiler.Updateable = "true"
		Debug.AspNetCompiler.ForceOverwrite = "true"
		Debug.AspNetCompiler.FixedNames = "false"
		Debug.AspNetCompiler.Debug = "True"
		Release.AspNetCompiler.VirtualPath = "/localhost_50375"
		Release.AspNetCompiler.PhysicalPath = "..\ICA0EzekielE\"
		Release.AspNetCompiler.TargetPath = "PrecompiledWeb\localhost_50375\"
		Release.AspNetCompiler.Updateable = "true"
		Release.AspNetCompiler.ForceOverwrite = "true"
		Release.AspNetCompiler.FixedNames = "false"
		Release.AspNetCompiler.Debug = "False"
		VWDPort = "50375"
		SlnRelativePath = "..\ICA0EzekielE\"
		DefaultWebSiteLanguage = "Visual C#"
	EndProjectSection
	ProjectSection(SvnOrigin) = preProject
		@Keys = Enlist
		Enlist = Required
	EndProjectSection
EndProject
Global
	GlobalSection(SolutionConfigurationPlatforms) = preSolution
		Debug|Any CPU = Debug|Any CPU
	EndGlobalSection
	GlobalSection(ProjectConfigurationPlatforms) = postSolution
		{A13259F3-9CA5-4407-AAD4-BA11E4AB9A5B}.Debug|Any CPU.ActiveCfg = Debug|Any CPU
		{A13259F3-9CA5-4407-AAD4-BA11E4AB9A5B}.Debug|Any CPU.Build.0 = Debug|Any CPU
	EndGlobalSection
	GlobalSection(SolutionProperties) = preSolution
		HideSolutionNode = FALSE
	EndGlobalSection
	GlobalSection(ExtensibilityGlobals) = postSolution
		SolutionGuid = {F2E1FBB8-5A68-4158-8297-D09C1690ED8C}
	EndGlobalSection
	GlobalSection(SubversionScc) = preSolution
		Svn-Managed = True
		Manager = AnkhSVN2019 - Subversion Support for Visual Studio
	EndGlobalSection
EndGlobal
